{
  "name": "portfolio_rosno",
  "version": "1.0.0",
  "lockfileVersion": 3,
  "requires": true,
  "packages": {
    "": {
      "name": "portfolio_rosno",
      "version": "1.0.0",
      "license": "ISC",
      "dependencies": {
        "@fontsource-variable/geist": "^5.2.6"
      }
    },
    "node_modules/@fontsource-variable/geist": {
      "version": "5.2.6",
      "resolved": "https://registry.npmjs.org/@fontsource-variable/geist/-/geist-5.2.6.tgz",
      "integrity": "sha512-Bt9pdD55Fojq4h9yFKQAzh5+Xj4tKFpwbcDzK6t5PPSH2GrjPoPqm6N8y+tK6vzwKZ9hHyaOz/tAbO9cQd9UFQ==",
      "license": "OFL-1.1",
      "funding": {
        "url": "https://github.com/sponsors/ayuhito"
      }
    }
  }
}
